
Microsoft Visual Studio Solution File, Format Version 12.00
# Visual Studio Version 16
VisualStudioVersion = 16.0.31911.196
MinimumVisualStudioVersion = 10.0.40219.1
Project("{FAE04EC0-301F-11D3-BF4B-00C04F79EFBC}") = "Mavis", "Mavis\Mavis.csproj", "{043D0C17-D502-43F9-9726-8236ABF712D0}"
EndProject
Global
	GlobalSection(SolutionConfigurationPlatforms) = preSolution
		Debug|Any CPU = Debug|Any CPU
		Release|Any CPU = Release|Any CPU
	EndGlobalSection
	GlobalSection(ProjectConfigurationPlatforms) = postSolution
		{043D0C17-D502-43F9-9726-8236ABF712D0}.Debug|Any CPU.ActiveCfg = Debug|Any CPU
		{043D0C17-D502-43F9-9726-8236ABF712D0}.Debug|Any CPU.Build.0 = Debug|Any CPU
		{043D0C17-D502-43F9-9726-8236ABF712D0}.Release|Any CPU.ActiveCfg = Release|Any CPU
		{043D0C17-D502-43F9-9726-8236ABF712D0}.Release|Any CPU.Build.0 = Release|Any CPU
	EndGlobalSection
	GlobalSection(SolutionProperties) = preSolution
		HideSolutionNode = FALSE
	EndGlobalSection
	GlobalSection(ExtensibilityGlobals) = postSolution
		SolutionGuid = {9496635F-2502-4217-AB3E-A905C84D0881}
	EndGlobalSection
EndGlobal
